<?xml version="1.0" encoding="utf-8"?>
<Project ToolsVersion="4.0" xmlns="http://schemas.microsoft.com/developer/msbuild/2003">
  <ItemGroup>
    <ClCompile Include="Main.cpp" />
    <ClCompile Include="Math\Vector2.cpp">
      <Filter>Math</Filter>
    </ClCompile>
    <ClCompile Include="Math\Vector3.cpp">
      <Filter>Math</Filter>
    </ClCompile>
    <ClCompile Include="Math\Vector4.cpp">
      <Filter>Math</Filter>
    </ClCompile>
    <ClCompile Include="Math\Quaternion.cpp">
      <Filter>Math</Filter>
    </ClCompile>
    <ClCompile Include="Graphics\Color.cpp">
      <Filter>Graphics</Filter>
    </ClCompile>
    <ClCompile Include="Graphics\Context\DXContext.cpp">
      <Filter>Graphics\Device</Filter>
    </ClCompile>
    <ClCompile Include="Graphics\Context\GLContext.cpp">
      <Filter>Graphics\Device</Filter>
    </ClCompile>
    <ClCompile Include="Graphics\Window\Win32Window.cpp">
      <Filter>Graphics\Window</Filter>
    </ClCompile>
    <ClCompile Include="Graphics\Window\Event.cpp">
      <Filter>Graphics\Window</Filter>
    </ClCompile>
    <ClCompile Include="Math\Matrix2.cpp" />
    <ClCompile Include="Math\Matrix3.cpp" />
    <ClCompile Include="Math\Matrix4.cpp" />
    <ClCompile Include="Math\Rectangle.cpp" />
    <ClCompile Include="Math\Ray.cpp" />
    <ClCompile Include="Math\Point.cpp" />
    <ClCompile Include="Math\Math.cpp" />
  </ItemGroup>
  <ItemGroup>
    <ClInclude Include="Math\Vector4.h">
      <Filter>Math</Filter>
    </ClInclude>
    <ClInclude Include="Math\Vector2.h">
      <Filter>Math</Filter>
    </ClInclude>
    <ClInclude Include="Math\Vector3.h">
      <Filter>Math</Filter>
    </ClInclude>
    <ClInclude Include="Math\Quaternion.h">
      <Filter>Math</Filter>
    </ClInclude>
    <ClInclude Include="Graphics\Color.h">
      <Filter>Graphics</Filter>
    </ClInclude>
    <ClInclude Include="Graphics\Context\DXContext.h">
      <Filter>Graphics\Device</Filter>
    </ClInclude>
    <ClInclude Include="Graphics\Context\GLContext.h">
      <Filter>Graphics\Device</Filter>
    </ClInclude>
    <ClInclude Include="Graphics\Context\IContext.h">
      <Filter>Graphics\Device</Filter>
    </ClInclude>
    <ClInclude Include="Graphics\Renderer\DXRenderer.h">
      <Filter>Graphics\Renderer</Filter>
    </ClInclude>
    <ClInclude Include="Graphics\Renderer\GLRenderer.h">
      <Filter>Graphics\Renderer</Filter>
    </ClInclude>
    <ClInclude Include="Graphics\Renderer\IRenderer.h">
      <Filter>Graphics\Renderer</Filter>
    </ClInclude>
    <ClInclude Include="Graphics\Window\Window.h">
      <Filter>Graphics\Window</Filter>
    </ClInclude>
    <ClInclude Include="Graphics\Window\Win32Window.h">
      <Filter>Graphics\Window</Filter>
    </ClInclude>
    <ClInclude Include="Graphics\Window\Event.h">
      <Filter>Graphics\Window</Filter>
    </ClInclude>
    <ClInclude Include="Graphics\Window\IWindow.h">
      <Filter>Graphics\Window</Filter>
    </ClInclude>
    <ClInclude Include="System\Platform.h">
      <Filter>System</Filter>
    </ClInclude>
    <ClInclude Include="Core\Utility.h" />
    <ClInclude Include="Math\Matrix2.h" />
    <ClInclude Include="Math\Matrix3.h" />
    <ClInclude Include="Math\Matrix4.h" />
    <ClInclude Include="Math\Rectangle.h" />
    <ClInclude Include="Math\Ray.h" />
    <ClInclude Include="Math\Point.h" />
    <ClInclude Include="Math\Math.h" />
    <ClInclude Include="Math\Helper.h" />
  </ItemGroup>
  <ItemGroup>
    <Filter Include="Graphics">
      <UniqueIdentifier>{e3637a27-4741-4002-bf9b-77fe6109256e}</UniqueIdentifier>
    </Filter>
    <Filter Include="Graphics\Device">
      <UniqueIdentifier>{d3e696e1-b6fa-46ae-8f05-15677d6928ff}</UniqueIdentifier>
    </Filter>
    <Filter Include="Graphics\Window">
      <UniqueIdentifier>{c66e558a-e377-418f-9f56-3b71f11693d0}</UniqueIdentifier>
    </Filter>
    <Filter Include="Math">
      <UniqueIdentifier>{1c345125-5524-42c7-8111-0d3d1a886763}</UniqueIdentifier>
    </Filter>
    <Filter Include="System">
      <UniqueIdentifier>{30ac5f45-b6c1-40d7-be30-0e25910bc689}</UniqueIdentifier>
    </Filter>
    <Filter Include="Graphics\Renderer">
      <UniqueIdentifier>{3d307a1d-7c82-445f-8c9c-bedbe0ff7502}</UniqueIdentifier>
    </Filter>
  </ItemGroup>
</Project>