<?xml version="1.0" encoding="utf-8"?>
<Project ToolsVersion="4.0" xmlns="http://schemas.microsoft.com/developer/msbuild/2003">
  <ItemGroup>
    <ClCompile Include="Main.cpp" />
    <ClCompile Include="Math\Vector2.cpp">
      <Filter>Math</Filter>
    </ClCompile>
    <ClCompile Include="Math\Vector3.cpp">
      <Filter>Math</Filter>
    </ClCompile>
    <ClCompile Include="Math\Vector4.cpp">
      <Filter>Math</Filter>
    </ClCompile>
    <ClCompile Include="Math\Quaternion.cpp">
      <Filter>Math</Filter>
    </ClCompile>
    <ClCompile Include="Math\Matrix2.cpp" />
    <ClCompile Include="Math\Matrix3.cpp" />
    <ClCompile Include="Math\Matrix4.cpp" />
    <ClCompile Include="Math\Rectangle.cpp" />
    <ClCompile Include="Math\Ray.cpp" />
    <ClCompile Include="Math\Math.cpp" />
    <ClCompile Include="Math\Point.cpp" />
    <ClCompile Include="Math\Helper.cpp" />
    <ClCompile Include="Math\Color.cpp">
      <Filter>Graphics</Filter>
    </ClCompile>
    <ClCompile Include="System\File.cpp" />
    <ClCompile Include="Graphics\Device\Device.cpp" />
    <ClCompile Include="Graphics\Device\DXDevice.cpp" />
    <ClCompile Include="Graphics\Shader\DXShader.cpp" />
    <ClCompile Include="Graphics\Shader\GLShader.cpp" />
    <ClCompile Include="Graphics\Window\NativeWindow.cpp" />
    <ClCompile Include="Graphics\Device\GLDevice.cpp" />
    <ClCompile Include="Graphics\Shader\Shader.cpp" />
    <ClCompile Include="Graphics\Mesh\Mesh.cpp" />
    <ClCompile Include="Graphics\Mesh\DXMesh.cpp" />
    <ClCompile Include="Graphics\Mesh\GLMesh.cpp" />
    <ClCompile Include="Graphics\Device\VKDevice.cpp" />
  </ItemGroup>
  <ItemGroup>
    <ClInclude Include="Math\Vector4.h">
      <Filter>Math</Filter>
    </ClInclude>
    <ClInclude Include="Math\Vector2.h">
      <Filter>Math</Filter>
    </ClInclude>
    <ClInclude Include="Math\Vector3.h">
      <Filter>Math</Filter>
    </ClInclude>
    <ClInclude Include="Math\Quaternion.h">
      <Filter>Math</Filter>
    </ClInclude>
    <ClInclude Include="System\Platform.h">
      <Filter>System</Filter>
    </ClInclude>
    <ClInclude Include="Core\Utility.h" />
    <ClInclude Include="Math\Matrix2.h" />
    <ClInclude Include="Math\Matrix3.h" />
    <ClInclude Include="Math\Matrix4.h" />
    <ClInclude Include="Math\Rectangle.h" />
    <ClInclude Include="Math\Ray.h" />
    <ClInclude Include="Math\Math.h" />
    <ClInclude Include="Math\Helper.h" />
    <ClInclude Include="Core\Factory.h" />
    <ClInclude Include="Math\Point.h" />
    <ClInclude Include="Math\Color.h">
      <Filter>Graphics</Filter>
    </ClInclude>
    <ClInclude Include="System\File.h" />
    <ClInclude Include="Graphics\Device\IDevice.h">
      <Filter>Graphics\Device</Filter>
    </ClInclude>
    <ClInclude Include="Graphics\Device\Device.h" />
    <ClInclude Include="Graphics\Device\DXDevice.h" />
    <ClInclude Include="Graphics\Window\IWindow.h" />
    <ClInclude Include="Graphics\Shader\DXShader.h" />
    <ClInclude Include="Graphics\Shader\GLShader.h" />
    <ClInclude Include="Graphics\Shader\IShader.h" />
    <ClInclude Include="Graphics\Texture\Texture.h" />
    <ClInclude Include="Graphics\Window\NativeWindow.h" />
    <ClInclude Include="Graphics\Window\Window.h" />
    <ClInclude Include="Graphics\Shader\ShaderType.h" />
    <ClInclude Include="Graphics\Device\GLDevice.h" />
    <ClInclude Include="Graphics\Shader\Shader.h" />
    <ClInclude Include="Graphics\Mesh\Mesh.h" />
    <ClInclude Include="Graphics\Mesh\IMesh.h" />
    <ClInclude Include="Graphics\Mesh\DXMesh.h" />
    <ClInclude Include="Graphics\Mesh\GLMesh.h" />
    <ClInclude Include="Graphics\Device\VKDevice.h" />
    <ClInclude Include="Graphics\Device\GraphicsAPI.h" />
    <ClInclude Include="System\LogManager.h" />
    <ClInclude Include="Math\Vertex.h" />
  </ItemGroup>
  <ItemGroup>
    <Filter Include="Graphics">
      <UniqueIdentifier>{e3637a27-4741-4002-bf9b-77fe6109256e}</UniqueIdentifier>
    </Filter>
    <Filter Include="Graphics\Device">
      <UniqueIdentifier>{d3e696e1-b6fa-46ae-8f05-15677d6928ff}</UniqueIdentifier>
    </Filter>
    <Filter Include="Graphics\Window">
      <UniqueIdentifier>{c66e558a-e377-418f-9f56-3b71f11693d0}</UniqueIdentifier>
    </Filter>
    <Filter Include="Math">
      <UniqueIdentifier>{1c345125-5524-42c7-8111-0d3d1a886763}</UniqueIdentifier>
    </Filter>
    <Filter Include="System">
      <UniqueIdentifier>{30ac5f45-b6c1-40d7-be30-0e25910bc689}</UniqueIdentifier>
    </Filter>
    <Filter Include="Graphics\Renderer">
      <UniqueIdentifier>{3d307a1d-7c82-445f-8c9c-bedbe0ff7502}</UniqueIdentifier>
    </Filter>
  </ItemGroup>
  <ItemGroup>
    <FxCompile Include="pixel.hlsl" />
    <FxCompile Include="vertex.hlsl" />
  </ItemGroup>
</Project>